
Microsoft Visual Studio Solution File, Format Version 12.00
# Visual Studio Version 16
VisualStudioVersion = 16.0.29806.167
MinimumVisualStudioVersion = 10.0.40219.1
Project("{FAE04EC0-301F-11D3-BF4B-00C04F79EFBC}") = "SimpleLabeling", "SimpleLabeling\SimpleLabeling.csproj", "{0606047C-FF41-4324-A05B-00479F7D094A}"
EndProject
Global
	GlobalSection(SolutionConfigurationPlatforms) = preSolution
		Debug|Any CPU = Debug|Any CPU
		Release|Any CPU = Release|Any CPU
	EndGlobalSection
	GlobalSection(ProjectConfigurationPlatforms) = postSolution
		{0606047C-FF41-4324-A05B-00479F7D094A}.Debug|Any CPU.ActiveCfg = Debug|Any CPU
		{0606047C-FF41-4324-A05B-00479F7D094A}.Debug|Any CPU.Build.0 = Debug|Any CPU
		{0606047C-FF41-4324-A05B-00479F7D094A}.Release|Any CPU.ActiveCfg = Release|Any CPU
		{0606047C-FF41-4324-A05B-00479F7D094A}.Release|Any CPU.Build.0 = Release|Any CPU
	EndGlobalSection
	GlobalSection(SolutionProperties) = preSolution
		HideSolutionNode = FALSE
	EndGlobalSection
	GlobalSection(ExtensibilityGlobals) = postSolution
		SolutionGuid = {B479EC1D-D90A-467C-959F-4386B1750C67}
	EndGlobalSection
EndGlobal
